
Microsoft Visual Studio Solution File, Format Version 12.00
# Visual Studio 15
VisualStudioVersion = 15.0.28307.271
MinimumVisualStudioVersion = 10.0.40219.1
Project("{FAE04EC0-301F-11D3-BF4B-00C04F79EFBC}") = "ObserverSampler", "ObserverSampler.csproj", "{44DCA3E2-909B-45BB-93FD-1931A1A47FD1}"
EndProject
Global
	GlobalSection(SolutionConfigurationPlatforms) = preSolution
		Debug|Any CPU = Debug|Any CPU
		Release|Any CPU = Release|Any CPU
	EndGlobalSection
	GlobalSection(ProjectConfigurationPlatforms) = postSolution
		{44DCA3E2-909B-45BB-93FD-1931A1A47FD1}.Debug|Any CPU.ActiveCfg = Debug|Any CPU
		{44DCA3E2-909B-45BB-93FD-1931A1A47FD1}.Debug|Any CPU.Build.0 = Debug|Any CPU
		{44DCA3E2-909B-45BB-93FD-1931A1A47FD1}.Release|Any CPU.ActiveCfg = Release|Any CPU
		{44DCA3E2-909B-45BB-93FD-1931A1A47FD1}.Release|Any CPU.Build.0 = Release|Any CPU
	EndGlobalSection
	GlobalSection(SolutionProperties) = preSolution
		HideSolutionNode = FALSE
	EndGlobalSection
	GlobalSection(ExtensibilityGlobals) = postSolution
		SolutionGuid = {20379AA3-6413-413E-BAA9-ECE043B54F3B}
	EndGlobalSection
EndGlobal
